{
  "name": "proxy-plugin-redirect",
  "version": "1.0.0",
  "lockfileVersion": 1,
  "requires": true,
  "dependencies": {
    "cli-table": {
      "version": "0.3.1",
      "resolved": "http://registry.npm.taobao.org/cli-table/download/cli-table-0.3.1.tgz?cache=0&other_urls=http%3A%2F%2Fregistry.npm.taobao.org%2Fcli-table%2Fdownload%2Fcli-table-0.3.1.tgz",
      "integrity": "sha1-9TsFJmqLGguTSz0IIebi3FkUriM=",
      "requires": {
        "colors": "1.0.3"
      }
    },
    "colors": {
      "version": "1.0.3",
      "resolved": "http://registry.npm.taobao.org/colors/download/colors-1.0.3.tgz",
      "integrity": "sha1-BDP0TYCWgP3rYO0mDxsMJi6CpAs="
    }
  }
}
