{
  "name": "proxy-plugin-inject",
  "version": "1.0.0",
  "lockfileVersion": 1,
  "requires": true,
  "dependencies": {
    "eruda": {
      "version": "1.10.3",
      "resolved": "https://registry.npm.taobao.org/eruda/download/eruda-1.10.3.tgz",
      "integrity": "sha1-OisGXoAGvIQjLSM2zYKhkkOaDEU="
    },
    "mime": {
      "version": "2.4.4",
      "resolved": "https://registry.npm.taobao.org/mime/download/mime-2.4.4.tgz?cache=0&sync_timestamp=1560034758817&other_urls=https%3A%2F%2Fregistry.npm.taobao.org%2Fmime%2Fdownload%2Fmime-2.4.4.tgz",
      "integrity": "sha1-vXuRE1/GsBzePpuuM9ZZtj2IV+U="
    }
  }
}
